
Microsoft Visual Studio Solution File, Format Version 12.00
# Visual Studio Version 17
VisualStudioVersion = 17.6.33815.320
MinimumVisualStudioVersion = 10.0.40219.1
Project("{FAE04EC0-301F-11D3-BF4B-00C04F79EFBC}") = "StudentCourseMvc", "StudentCourseMvc\StudentCourseMvc.csproj", "{E6FCE9B5-6838-458F-8C5E-641914F8AEE8}"
EndProject
Global
	GlobalSection(SolutionConfigurationPlatforms) = preSolution
		Debug|Any CPU = Debug|Any CPU
		Release|Any CPU = Release|Any CPU
	EndGlobalSection
	GlobalSection(ProjectConfigurationPlatforms) = postSolution
		{E6FCE9B5-6838-458F-8C5E-641914F8AEE8}.Debug|Any CPU.ActiveCfg = Debug|Any CPU
		{E6FCE9B5-6838-458F-8C5E-641914F8AEE8}.Debug|Any CPU.Build.0 = Debug|Any CPU
		{E6FCE9B5-6838-458F-8C5E-641914F8AEE8}.Release|Any CPU.ActiveCfg = Release|Any CPU
		{E6FCE9B5-6838-458F-8C5E-641914F8AEE8}.Release|Any CPU.Build.0 = Release|Any CPU
	EndGlobalSection
	GlobalSection(SolutionProperties) = preSolution
		HideSolutionNode = FALSE
	EndGlobalSection
	GlobalSection(ExtensibilityGlobals) = postSolution
		SolutionGuid = {83263F29-82AC-458F-A809-65923AAAC793}
	EndGlobalSection
EndGlobal
